
Microsoft Visual Studio Solution File, Format Version 12.00
# Visual Studio Version 16
VisualStudioVersion = 16.0.29009.5
MinimumVisualStudioVersion = 10.0.40219.1
Project("{FAE04EC0-301F-11D3-BF4B-00C04F79EFBC}") = "Exercise1", "Exercise1\Exercise1.csproj", "{F8DE5E0F-2B8E-4740-90A7-7AF904B3FBD2}"
EndProject
Project("{FAE04EC0-301F-11D3-BF4B-00C04F79EFBC}") = "Exercise2", "Exercise2\Exercise2.csproj", "{990A7482-573D-4A0D-B51C-3DF2B2196A8A}"
EndProject
Project("{FAE04EC0-301F-11D3-BF4B-00C04F79EFBC}") = "Exercise4", "Exercise4\Exercise4.csproj", "{CCA47F71-40AE-4B2C-98E1-A4433D04FE7A}"
EndProject
Project("{9A19103F-16F7-4668-BE54-9A1E7A4F7556}") = "Exercise3", "Exercise3\Exercise3.csproj", "{4741BDE4-F04A-43E9-BF58-3B6C6324BC4E}"
EndProject
Project("{9A19103F-16F7-4668-BE54-9A1E7A4F7556}") = "Exercise5", "Exercise5\Exercise5.csproj", "{23154EE5-4EBB-4664-9DF4-A249480BA239}"
EndProject
Project("{9A19103F-16F7-4668-BE54-9A1E7A4F7556}") = "Exercise6", "Exercise6\Exercise6.csproj", "{E33D307E-254B-4CA8-AF09-CEEDA696E865}"
EndProject
Project("{9A19103F-16F7-4668-BE54-9A1E7A4F7556}") = "Exercise7", "Exercise7\Exercise7.csproj", "{24B6B615-84B5-4DC9-B5BE-4BA06EA89046}"
EndProject
Project("{9A19103F-16F7-4668-BE54-9A1E7A4F7556}") = "Exercise8", "Exercise8\Exercise8.csproj", "{43EAE472-0F9C-4A5B-B695-AE994E8A6449}"
EndProject
Project("{FAE04EC0-301F-11D3-BF4B-00C04F79EFBC}") = "Exercise9", "Exercise9\Exercise9.csproj", "{BE6B8F3F-CBEC-47DE-985A-D0F1218C92C7}"
EndProject
Project("{FAE04EC0-301F-11D3-BF4B-00C04F79EFBC}") = "Exercise10", "Exercise10\Exercise10.csproj", "{FE786AF5-196B-49A7-AF7A-C8B4418D2AF1}"
EndProject
Global
	GlobalSection(SolutionConfigurationPlatforms) = preSolution
		Debug|Any CPU = Debug|Any CPU
		Release|Any CPU = Release|Any CPU
	EndGlobalSection
	GlobalSection(ProjectConfigurationPlatforms) = postSolution
		{F8DE5E0F-2B8E-4740-90A7-7AF904B3FBD2}.Debug|Any CPU.ActiveCfg = Debug|Any CPU
		{F8DE5E0F-2B8E-4740-90A7-7AF904B3FBD2}.Debug|Any CPU.Build.0 = Debug|Any CPU
		{F8DE5E0F-2B8E-4740-90A7-7AF904B3FBD2}.Release|Any CPU.ActiveCfg = Release|Any CPU
		{F8DE5E0F-2B8E-4740-90A7-7AF904B3FBD2}.Release|Any CPU.Build.0 = Release|Any CPU
		{990A7482-573D-4A0D-B51C-3DF2B2196A8A}.Debug|Any CPU.ActiveCfg = Debug|Any CPU
		{990A7482-573D-4A0D-B51C-3DF2B2196A8A}.Debug|Any CPU.Build.0 = Debug|Any CPU
		{990A7482-573D-4A0D-B51C-3DF2B2196A8A}.Release|Any CPU.ActiveCfg = Release|Any CPU
		{990A7482-573D-4A0D-B51C-3DF2B2196A8A}.Release|Any CPU.Build.0 = Release|Any CPU
		{CCA47F71-40AE-4B2C-98E1-A4433D04FE7A}.Debug|Any CPU.ActiveCfg = Debug|Any CPU
		{CCA47F71-40AE-4B2C-98E1-A4433D04FE7A}.Debug|Any CPU.Build.0 = Debug|Any CPU
		{CCA47F71-40AE-4B2C-98E1-A4433D04FE7A}.Release|Any CPU.ActiveCfg = Release|Any CPU
		{CCA47F71-40AE-4B2C-98E1-A4433D04FE7A}.Release|Any CPU.Build.0 = Release|Any CPU
		{4741BDE4-F04A-43E9-BF58-3B6C6324BC4E}.Debug|Any CPU.ActiveCfg = Debug|Any CPU
		{4741BDE4-F04A-43E9-BF58-3B6C6324BC4E}.Debug|Any CPU.Build.0 = Debug|Any CPU
		{4741BDE4-F04A-43E9-BF58-3B6C6324BC4E}.Release|Any CPU.ActiveCfg = Release|Any CPU
		{4741BDE4-F04A-43E9-BF58-3B6C6324BC4E}.Release|Any CPU.Build.0 = Release|Any CPU
		{23154EE5-4EBB-4664-9DF4-A249480BA239}.Debug|Any CPU.ActiveCfg = Debug|Any CPU
		{23154EE5-4EBB-4664-9DF4-A249480BA239}.Debug|Any CPU.Build.0 = Debug|Any CPU
		{23154EE5-4EBB-4664-9DF4-A249480BA239}.Release|Any CPU.ActiveCfg = Release|Any CPU
		{23154EE5-4EBB-4664-9DF4-A249480BA239}.Release|Any CPU.Build.0 = Release|Any CPU
		{E33D307E-254B-4CA8-AF09-CEEDA696E865}.Debug|Any CPU.ActiveCfg = Debug|Any CPU
		{E33D307E-254B-4CA8-AF09-CEEDA696E865}.Debug|Any CPU.Build.0 = Debug|Any CPU
		{E33D307E-254B-4CA8-AF09-CEEDA696E865}.Release|Any CPU.ActiveCfg = Release|Any CPU
		{E33D307E-254B-4CA8-AF09-CEEDA696E865}.Release|Any CPU.Build.0 = Release|Any CPU
		{24B6B615-84B5-4DC9-B5BE-4BA06EA89046}.Debug|Any CPU.ActiveCfg = Debug|Any CPU
		{24B6B615-84B5-4DC9-B5BE-4BA06EA89046}.Debug|Any CPU.Build.0 = Debug|Any CPU
		{24B6B615-84B5-4DC9-B5BE-4BA06EA89046}.Release|Any CPU.ActiveCfg = Release|Any CPU
		{24B6B615-84B5-4DC9-B5BE-4BA06EA89046}.Release|Any CPU.Build.0 = Release|Any CPU
		{43EAE472-0F9C-4A5B-B695-AE994E8A6449}.Debug|Any CPU.ActiveCfg = Debug|Any CPU
		{43EAE472-0F9C-4A5B-B695-AE994E8A6449}.Debug|Any CPU.Build.0 = Debug|Any CPU
		{43EAE472-0F9C-4A5B-B695-AE994E8A6449}.Release|Any CPU.ActiveCfg = Release|Any CPU
		{43EAE472-0F9C-4A5B-B695-AE994E8A6449}.Release|Any CPU.Build.0 = Release|Any CPU
		{BE6B8F3F-CBEC-47DE-985A-D0F1218C92C7}.Debug|Any CPU.ActiveCfg = Debug|Any CPU
		{BE6B8F3F-CBEC-47DE-985A-D0F1218C92C7}.Debug|Any CPU.Build.0 = Debug|Any CPU
		{BE6B8F3F-CBEC-47DE-985A-D0F1218C92C7}.Release|Any CPU.ActiveCfg = Release|Any CPU
		{BE6B8F3F-CBEC-47DE-985A-D0F1218C92C7}.Release|Any CPU.Build.0 = Release|Any CPU
		{FE786AF5-196B-49A7-AF7A-C8B4418D2AF1}.Debug|Any CPU.ActiveCfg = Debug|Any CPU
		{FE786AF5-196B-49A7-AF7A-C8B4418D2AF1}.Debug|Any CPU.Build.0 = Debug|Any CPU
		{FE786AF5-196B-49A7-AF7A-C8B4418D2AF1}.Release|Any CPU.ActiveCfg = Release|Any CPU
		{FE786AF5-196B-49A7-AF7A-C8B4418D2AF1}.Release|Any CPU.Build.0 = Release|Any CPU
	EndGlobalSection
	GlobalSection(SolutionProperties) = preSolution
		HideSolutionNode = FALSE
	EndGlobalSection
	GlobalSection(ExtensibilityGlobals) = postSolution
		SolutionGuid = {9E2B805A-E209-4714-AE87-3C7317951F1D}
	EndGlobalSection
EndGlobal
