
Microsoft Visual Studio Solution File, Format Version 12.00
# Visual Studio Version 16
VisualStudioVersion = 16.0.29123.88
MinimumVisualStudioVersion = 10.0.40219.1
Project("{FAE04EC0-301F-11D3-BF4B-00C04F79EFBC}") = "Account", "Account\Account.csproj", "{A78CD5DF-1FF9-4A14-A78F-7AED668C98A4}"
EndProject
Project("{FAE04EC0-301F-11D3-BF4B-00C04F79EFBC}") = "BankAccount", "BankAccount\BankAccount.csproj", "{4A462DDE-D798-4818-BB68-2116834B0035}"
EndProject
Project("{FAE04EC0-301F-11D3-BF4B-00C04F79EFBC}") = "EnergyDrinks", "EnergyDrinks\EnergyDrinks.csproj", "{7FCC007C-DD8E-40D3-9080-690E3A5BCACE}"
EndProject
Project("{FAE04EC0-301F-11D3-BF4B-00C04F79EFBC}") = "FuelConsumptionCalculator", "FuelConsumptionCalculator\FuelConsumptionCalculator.csproj", "{8CFA0561-C4D0-4419-AC65-C90E0AF2C6FC}"
EndProject
Project("{FAE04EC0-301F-11D3-BF4B-00C04F79EFBC}") = "VideoStore", "VideoStore\VideoStore.csproj", "{40352489-4287-4C39-879A-55BB1A9ED983}"
EndProject
Project("{9A19103F-16F7-4668-BE54-9A1E7A4F7556}") = "Exercise1", "Exercise1\Exercise1.csproj", "{91FF7BE9-1008-4996-92B4-59C3E7B9C1D2}"
EndProject
Project("{9A19103F-16F7-4668-BE54-9A1E7A4F7556}") = "Exercise3", "Exercise3\Exercise3.csproj", "{9245FB92-F326-4AB5-9D71-665EF3980720}"
EndProject
Project("{9A19103F-16F7-4668-BE54-9A1E7A4F7556}") = "Exercise4", "Exercise4\Exercise4.csproj", "{956C4747-29A0-487A-B1D4-DC9B99404EDE}"
EndProject
Project("{9A19103F-16F7-4668-BE54-9A1E7A4F7556}") = "Exercise5", "Exercise5\Exercise5.csproj", "{8613DFF1-E32F-4F7F-95E4-C099D85FD8FD}"
EndProject
Project("{9A19103F-16F7-4668-BE54-9A1E7A4F7556}") = "Exercise7", "Exercise7\Exercise7.csproj", "{D8C4F07A-12AD-42FD-8160-7C76134BAEFE}"
EndProject
Project("{9A19103F-16F7-4668-BE54-9A1E7A4F7556}") = "Exercise8", "Exercise8\Exercise8.csproj", "{D1EC2B4D-94E6-48FD-9981-F20F3BE29125}"
EndProject
Project("{9A19103F-16F7-4668-BE54-9A1E7A4F7556}") = "Exercise9", "Exercise9\Exercise9.csproj", "{A8EBD97A-43BD-436C-B8DF-7462E1F10A89}"
EndProject
Project("{FAE04EC0-301F-11D3-BF4B-00C04F79EFBC}") = "ClassesAndObjects.Exercise1.Test", "ClassesAndObjects.Exercise1.Test\ClassesAndObjects.Exercise1.Test.csproj", "{5952C310-2EB9-45C3-8514-B91E663B1692}"
EndProject
Project("{FAE04EC0-301F-11D3-BF4B-00C04F79EFBC}") = "ClassesAndObjects.Exercise5.Test", "ClassesAndObjects.Exercise2.Test\ClassesAndObjects.Exercise5.Test.csproj", "{185F119E-69A3-4F3D-BF44-539F03D73DD9}"
EndProject
Project("{FAE04EC0-301F-11D3-BF4B-00C04F79EFBC}") = "ClassesAndObjects.Exercise12.Test", "ClassesAndObjects.Exercise12.Test\ClassesAndObjects.Exercise12.Test.csproj", "{7D734FA8-69BD-41AB-98D4-0CA98D1A861B}"
EndProject
Global
	GlobalSection(SolutionConfigurationPlatforms) = preSolution
		Debug|Any CPU = Debug|Any CPU
		Release|Any CPU = Release|Any CPU
	EndGlobalSection
	GlobalSection(ProjectConfigurationPlatforms) = postSolution
		{A78CD5DF-1FF9-4A14-A78F-7AED668C98A4}.Debug|Any CPU.ActiveCfg = Debug|Any CPU
		{A78CD5DF-1FF9-4A14-A78F-7AED668C98A4}.Debug|Any CPU.Build.0 = Debug|Any CPU
		{A78CD5DF-1FF9-4A14-A78F-7AED668C98A4}.Release|Any CPU.ActiveCfg = Release|Any CPU
		{A78CD5DF-1FF9-4A14-A78F-7AED668C98A4}.Release|Any CPU.Build.0 = Release|Any CPU
		{4A462DDE-D798-4818-BB68-2116834B0035}.Debug|Any CPU.ActiveCfg = Debug|Any CPU
		{4A462DDE-D798-4818-BB68-2116834B0035}.Debug|Any CPU.Build.0 = Debug|Any CPU
		{4A462DDE-D798-4818-BB68-2116834B0035}.Release|Any CPU.ActiveCfg = Release|Any CPU
		{4A462DDE-D798-4818-BB68-2116834B0035}.Release|Any CPU.Build.0 = Release|Any CPU
		{7FCC007C-DD8E-40D3-9080-690E3A5BCACE}.Debug|Any CPU.ActiveCfg = Debug|Any CPU
		{7FCC007C-DD8E-40D3-9080-690E3A5BCACE}.Debug|Any CPU.Build.0 = Debug|Any CPU
		{7FCC007C-DD8E-40D3-9080-690E3A5BCACE}.Release|Any CPU.ActiveCfg = Release|Any CPU
		{7FCC007C-DD8E-40D3-9080-690E3A5BCACE}.Release|Any CPU.Build.0 = Release|Any CPU
		{8CFA0561-C4D0-4419-AC65-C90E0AF2C6FC}.Debug|Any CPU.ActiveCfg = Debug|Any CPU
		{8CFA0561-C4D0-4419-AC65-C90E0AF2C6FC}.Debug|Any CPU.Build.0 = Debug|Any CPU
		{8CFA0561-C4D0-4419-AC65-C90E0AF2C6FC}.Release|Any CPU.ActiveCfg = Release|Any CPU
		{8CFA0561-C4D0-4419-AC65-C90E0AF2C6FC}.Release|Any CPU.Build.0 = Release|Any CPU
		{40352489-4287-4C39-879A-55BB1A9ED983}.Debug|Any CPU.ActiveCfg = Debug|Any CPU
		{40352489-4287-4C39-879A-55BB1A9ED983}.Debug|Any CPU.Build.0 = Debug|Any CPU
		{40352489-4287-4C39-879A-55BB1A9ED983}.Release|Any CPU.ActiveCfg = Release|Any CPU
		{40352489-4287-4C39-879A-55BB1A9ED983}.Release|Any CPU.Build.0 = Release|Any CPU
		{91FF7BE9-1008-4996-92B4-59C3E7B9C1D2}.Debug|Any CPU.ActiveCfg = Debug|Any CPU
		{91FF7BE9-1008-4996-92B4-59C3E7B9C1D2}.Debug|Any CPU.Build.0 = Debug|Any CPU
		{91FF7BE9-1008-4996-92B4-59C3E7B9C1D2}.Release|Any CPU.ActiveCfg = Release|Any CPU
		{91FF7BE9-1008-4996-92B4-59C3E7B9C1D2}.Release|Any CPU.Build.0 = Release|Any CPU
		{9245FB92-F326-4AB5-9D71-665EF3980720}.Debug|Any CPU.ActiveCfg = Debug|Any CPU
		{9245FB92-F326-4AB5-9D71-665EF3980720}.Debug|Any CPU.Build.0 = Debug|Any CPU
		{9245FB92-F326-4AB5-9D71-665EF3980720}.Release|Any CPU.ActiveCfg = Release|Any CPU
		{9245FB92-F326-4AB5-9D71-665EF3980720}.Release|Any CPU.Build.0 = Release|Any CPU
		{956C4747-29A0-487A-B1D4-DC9B99404EDE}.Debug|Any CPU.ActiveCfg = Debug|Any CPU
		{956C4747-29A0-487A-B1D4-DC9B99404EDE}.Debug|Any CPU.Build.0 = Debug|Any CPU
		{956C4747-29A0-487A-B1D4-DC9B99404EDE}.Release|Any CPU.ActiveCfg = Release|Any CPU
		{956C4747-29A0-487A-B1D4-DC9B99404EDE}.Release|Any CPU.Build.0 = Release|Any CPU
		{8613DFF1-E32F-4F7F-95E4-C099D85FD8FD}.Debug|Any CPU.ActiveCfg = Debug|Any CPU
		{8613DFF1-E32F-4F7F-95E4-C099D85FD8FD}.Debug|Any CPU.Build.0 = Debug|Any CPU
		{8613DFF1-E32F-4F7F-95E4-C099D85FD8FD}.Release|Any CPU.ActiveCfg = Release|Any CPU
		{8613DFF1-E32F-4F7F-95E4-C099D85FD8FD}.Release|Any CPU.Build.0 = Release|Any CPU
		{D8C4F07A-12AD-42FD-8160-7C76134BAEFE}.Debug|Any CPU.ActiveCfg = Debug|Any CPU
		{D8C4F07A-12AD-42FD-8160-7C76134BAEFE}.Debug|Any CPU.Build.0 = Debug|Any CPU
		{D8C4F07A-12AD-42FD-8160-7C76134BAEFE}.Release|Any CPU.ActiveCfg = Release|Any CPU
		{D8C4F07A-12AD-42FD-8160-7C76134BAEFE}.Release|Any CPU.Build.0 = Release|Any CPU
		{D1EC2B4D-94E6-48FD-9981-F20F3BE29125}.Debug|Any CPU.ActiveCfg = Debug|Any CPU
		{D1EC2B4D-94E6-48FD-9981-F20F3BE29125}.Debug|Any CPU.Build.0 = Debug|Any CPU
		{D1EC2B4D-94E6-48FD-9981-F20F3BE29125}.Release|Any CPU.ActiveCfg = Release|Any CPU
		{D1EC2B4D-94E6-48FD-9981-F20F3BE29125}.Release|Any CPU.Build.0 = Release|Any CPU
		{A8EBD97A-43BD-436C-B8DF-7462E1F10A89}.Debug|Any CPU.ActiveCfg = Debug|Any CPU
		{A8EBD97A-43BD-436C-B8DF-7462E1F10A89}.Debug|Any CPU.Build.0 = Debug|Any CPU
		{A8EBD97A-43BD-436C-B8DF-7462E1F10A89}.Release|Any CPU.ActiveCfg = Release|Any CPU
		{A8EBD97A-43BD-436C-B8DF-7462E1F10A89}.Release|Any CPU.Build.0 = Release|Any CPU
		{5952C310-2EB9-45C3-8514-B91E663B1692}.Debug|Any CPU.ActiveCfg = Debug|Any CPU
		{5952C310-2EB9-45C3-8514-B91E663B1692}.Debug|Any CPU.Build.0 = Debug|Any CPU
		{5952C310-2EB9-45C3-8514-B91E663B1692}.Release|Any CPU.ActiveCfg = Release|Any CPU
		{5952C310-2EB9-45C3-8514-B91E663B1692}.Release|Any CPU.Build.0 = Release|Any CPU
		{185F119E-69A3-4F3D-BF44-539F03D73DD9}.Debug|Any CPU.ActiveCfg = Debug|Any CPU
		{185F119E-69A3-4F3D-BF44-539F03D73DD9}.Debug|Any CPU.Build.0 = Debug|Any CPU
		{185F119E-69A3-4F3D-BF44-539F03D73DD9}.Release|Any CPU.ActiveCfg = Release|Any CPU
		{185F119E-69A3-4F3D-BF44-539F03D73DD9}.Release|Any CPU.Build.0 = Release|Any CPU
		{7D734FA8-69BD-41AB-98D4-0CA98D1A861B}.Debug|Any CPU.ActiveCfg = Debug|Any CPU
		{7D734FA8-69BD-41AB-98D4-0CA98D1A861B}.Debug|Any CPU.Build.0 = Debug|Any CPU
		{7D734FA8-69BD-41AB-98D4-0CA98D1A861B}.Release|Any CPU.ActiveCfg = Release|Any CPU
		{7D734FA8-69BD-41AB-98D4-0CA98D1A861B}.Release|Any CPU.Build.0 = Release|Any CPU
	EndGlobalSection
	GlobalSection(SolutionProperties) = preSolution
		HideSolutionNode = FALSE
	EndGlobalSection
	GlobalSection(ExtensibilityGlobals) = postSolution
		SolutionGuid = {57C5E787-AAEA-41CC-BD12-4A66023D0568}
	EndGlobalSection
EndGlobal
